{
    "name": "省市区地址选择器",
    "version": "1.0.1",
    "lockfileVersion": 2,
    "requires": true,
    "packages": {
        "": {
            "name": "省市区地址选择器",
            "version": "1.0.1",
            "dependencies": {
                "@qiun/ucharts": "^2.4.3-20220505"
            }
        },
        "node_modules/@qiun/ucharts": {
            "version": "2.4.3-20220505",
            "resolved": "https://registry.npmjs.org/@qiun/ucharts/-/ucharts-2.4.3-20220505.tgz",
            "integrity": "sha512-2ndkqsHfGPTCEcnPOb2xvA+LBtiTlvH/y8uIBzxQhXa1y1jQkNaY9PwZkhQjiIrX8rgiZncjAW6nkBgHLIx7zw=="
        }
    },
    "dependencies": {
        "@qiun/ucharts": {
            "version": "2.4.3-20220505",
            "resolved": "https://registry.npmjs.org/@qiun/ucharts/-/ucharts-2.4.3-20220505.tgz",
            "integrity": "sha512-2ndkqsHfGPTCEcnPOb2xvA+LBtiTlvH/y8uIBzxQhXa1y1jQkNaY9PwZkhQjiIrX8rgiZncjAW6nkBgHLIx7zw=="
        }
    }
}
